// !$*UTF8*$!
{
	archiveVersion = 1;
	classes = {
	};
	objectVersion = 51;
	objects = {

/* Begin PBXBuildFile section */
		7452BBBD25079FBA00E3D6AD /* AppDelegate.swift in Sources */ = {isa = PBXBuildFile; fileRef = 7452BBBC25079FBA00E3D6AD /* AppDelegate.swift */; };
		7452BBC125079FBA00E3D6AD /* ViewController.swift in Sources */ = {isa = PBXBuildFile; fileRef = 7452BBC025079FBA00E3D6AD /* ViewController.swift */; };
		7452BBC425079FBA00E3D6AD /* Main.storyboard in Resources */ = {isa = PBXBuildFile; fileRef = 7452BBC225079FBA00E3D6AD /* Main.storyboard */; };
		7452BBC625079FBA00E3D6AD /* Assets.xcassets in Resources */ = {isa = PBXBuildFile; fileRef = 7452BBC525079FBA00E3D6AD /* Assets.xcassets */; };
		7452BBC925079FBA00E3D6AD /* LaunchScreen.storyboard in Resources */ = {isa = PBXBuildFile; fileRef = 7452BBC725079FBA00E3D6AD /* LaunchScreen.storyboard */; };
		7452BBD12507A39A00E3D6AD /* JZTPopViewController.swift in Sources */ = {isa = PBXBuildFile; fileRef = 7452BBD02507A39A00E3D6AD /* JZTPopViewController.swift */; };
		D47151C650D2B71007E9346E /* Pods_TestSwift.framework in Frameworks */ = {isa = PBXBuildFile; fileRef = 35CB8B09E9D466058D7E27E3 /* Pods_TestSwift.framework */; };
/* End PBXBuildFile section */

/* Begin PBXFileReference section */
		35CB8B09E9D466058D7E27E3 /* Pods_TestSwift.framework */ = {isa = PBXFileReference; explicitFileType = wrapper.framework; includeInIndex = 0; path = Pods_TestSwift.framework; sourceTree = BUILT_PRODUCTS_DIR; };
		7452BBB925079FB900E3D6AD /* TestSwift.app */ = {isa = PBXFileReference; explicitFileType = wrapper.application; includeInIndex = 0; path = TestSwift.app; sourceTree = BUILT_PRODUCTS_DIR; };
		7452BBBC25079FBA00E3D6AD /* AppDelegate.swift */ = {isa = PBXFileReference; lastKnownFileType = sourcecode.swift; path = AppDelegate.swift; sourceTree = "<group>"; };
		7452BBC025079FBA00E3D6AD /* ViewController.swift */ = {isa = PBXFileReference; lastKnownFileType = sourcecode.swift; path = ViewController.swift; sourceTree = "<group>"; };
		7452BBC325079FBA00E3D6AD /* Base */ = {isa = PBXFileReference; lastKnownFileType = file.storyboard; name = Base; path = Base.lproj/Main.storyboard; sourceTree = "<group>"; };
		7452BBC525079FBA00E3D6AD /* Assets.xcassets */ = {isa = PBXFileReference; lastKnownFileType = folder.assetcatalog; path = Assets.xcassets; sourceTree = "<group>"; };
		7452BBC825079FBA00E3D6AD /* Base */ = {isa = PBXFileReference; lastKnownFileType = file.storyboard; name = Base; path = Base.lproj/LaunchScreen.storyboard; sourceTree = "<group>"; };
		7452BBCA25079FBA00E3D6AD /* Info.plist */ = {isa = PBXFileReference; lastKnownFileType = text.plist.xml; path = Info.plist; sourceTree = "<group>"; };
		7452BBD02507A39A00E3D6AD /* JZTPopViewController.swift */ = {isa = PBXFileReference; lastKnownFileType = sourcecode.swift; path = JZTPopViewController.swift; sourceTree = "<group>"; };
		94643675909C7FB87415126C /* Pods-TestSwift.release.xcconfig */ = {isa = PBXFileReference; includeInIndex = 1; lastKnownFileType = text.xcconfig; name = "Pods-TestSwift.release.xcconfig"; path = "Target Support Files/Pods-TestSwift/Pods-TestSwift.release.xcconfig"; sourceTree = "<group>"; };
		CD0C34AE24527BCF8EBD031C /* Pods-TestSwift.debug.xcconfig */ = {isa = PBXFileReference; includeInIndex = 1; lastKnownFileType = text.xcconfig; name = "Pods-TestSwift.debug.xcconfig"; path = "Target Support Files/Pods-TestSwift/Pods-TestSwift.debug.xcconfig"; sourceTree = "<group>"; };
/* End PBXFileReference section */

/* Begin PBXFrameworksBuildPhase section */
		7452BBB625079FB900E3D6AD /* Frameworks */ = {
			isa = PBXFrameworksBuildPhase;
			buildActionMask = 2147483647;
			files = (
				D47151C650D2B71007E9346E /* Pods_TestSwift.framework in Frameworks */,
			);
			runOnlyForDeploymentPostprocessing = 0;
		};
/* End PBXFrameworksBuildPhase section */

/* Begin PBXGroup section */
		7452BBB025079FB900E3D6AD = {
			isa = PBXGroup;
			children = (
				7452BBBB25079FBA00E3D6AD /* TestSwift */,
				7452BBBA25079FB900E3D6AD /* Products */,
				F87B52BA107985DF8482A0CC /* Pods */,
				A94A045A7B30600D70F6D42D /* Frameworks */,
			);
			sourceTree = "<group>";
		};
		7452BBBA25079FB900E3D6AD /* Products */ = {
			isa = PBXGroup;
			children = (
				7452BBB925079FB900E3D6AD /* TestSwift.app */,
			);
			name = Products;
			sourceTree = "<group>";
		};
		7452BBBB25079FBA00E3D6AD /* TestSwift */ = {
			isa = PBXGroup;
			children = (
				7452BBBC25079FBA00E3D6AD /* AppDelegate.swift */,
				7452BBC025079FBA00E3D6AD /* ViewController.swift */,
				7452BBD02507A39A00E3D6AD /* JZTPopViewController.swift */,
				7452BBC225079FBA00E3D6AD /* Main.storyboard */,
				7452BBC525079FBA00E3D6AD /* Assets.xcassets */,
				7452BBC725079FBA00E3D6AD /* LaunchScreen.storyboard */,
				7452BBCA25079FBA00E3D6AD /* Info.plist */,
			);
			path = TestSwift;
			sourceTree = "<group>";
		};
		A94A045A7B30600D70F6D42D /* Frameworks */ = {
			isa = PBXGroup;
			children = (
				35CB8B09E9D466058D7E27E3 /* Pods_TestSwift.framework */,
			);
			name = Frameworks;
			sourceTree = "<group>";
		};
		F87B52BA107985DF8482A0CC /* Pods */ = {
			isa = PBXGroup;
			children = (
				CD0C34AE24527BCF8EBD031C /* Pods-TestSwift.debug.xcconfig */,
				94643675909C7FB87415126C /* Pods-TestSwift.release.xcconfig */,
			);
			path = Pods;
			sourceTree = "<group>";
		};
/* End PBXGroup section */

/* Begin PBXNativeTarget section */
		7452BBB825079FB900E3D6AD /* TestSwift */ = {
			isa = PBXNativeTarget;
			buildConfigurationList = 7452BBCD25079FBA00E3D6AD /* Build configuration list for PBXNativeTarget "TestSwift" */;
			buildPhases = (
				36089790A551B5EE0C8024C2 /* [CP] Check Pods Manifest.lock */,
				7452BBB525079FB900E3D6AD /* Sources */,
				7452BBB625079FB900E3D6AD /* Frameworks */,
				7452BBB725079FB900E3D6AD /* Resources */,
				D2D5B89D9FC275C0B9DDF609 /* [CP] Embed Pods Frameworks */,
			);
			buildRules = (
			);
			dependencies = (
			);
			name = TestSwift;
			productName = TestSwift;
			productReference = 7452BBB925079FB900E3D6AD /* TestSwift.app */;
			productType = "com.apple.product-type.application";
		};
/* End PBXNativeTarget section */

/* Begin PBXProject section */
		7452BBB125079FB900E3D6AD /* Project object */ = {
			isa = PBXProject;
			attributes = {
				LastSwiftUpdateCheck = 1160;
				LastUpgradeCheck = 1160;
				ORGANIZATIONNAME = "赵奎";
				TargetAttributes = {
					7452BBB825079FB900E3D6AD = {
						CreatedOnToolsVersion = 11.6;
					};
				};
			};
			buildConfigurationList = 7452BBB425079FB900E3D6AD /* Build configuration list for PBXProject "TestSwift" */;
			compatibilityVersion = "Xcode 9.3";
			developmentRegion = en;
			hasScannedForEncodings = 0;
			knownRegions = (
				en,
				Base,
			);
			mainGroup = 7452BBB025079FB900E3D6AD;
			productRefGroup = 7452BBBA25079FB900E3D6AD /* Products */;
			projectDirPath = "";
			projectRoot = "";
			targets = (
				7452BBB825079FB900E3D6AD /* TestSwift */,
			);
		};
/* End PBXProject section */

/* Begin PBXResourcesBuildPhase section */
		7452BBB725079FB900E3D6AD /* Resources */ = {
			isa = PBXResourcesBuildPhase;
			buildActionMask = 2147483647;
			files = (
				7452BBC925079FBA00E3D6AD /* LaunchScreen.storyboard in Resources */,
				7452BBC625079FBA00E3D6AD /* Assets.xcassets in Resources */,
				7452BBC425079FBA00E3D6AD /* Main.storyboard in Resources */,
			);
			runOnlyForDeploymentPostprocessing = 0;
		};
/* End PBXResourcesBuildPhase section */

/* Begin PBXShellScriptBuildPhase section */
		36089790A551B5EE0C8024C2 /* [CP] Check Pods Manifest.lock */ = {
			isa = PBXShellScriptBuildPhase;
			buildActionMask = 2147483647;
			files = (
			);
			inputFileListPaths = (
			);
			inputPaths = (
				"${PODS_PODFILE_DIR_PATH}/Podfile.lock",
				"${PODS_ROOT}/Manifest.lock",
			);
			name = "[CP] Check Pods Manifest.lock";
			outputFileListPaths = (
			);
			outputPaths = (
				"$(DERIVED_FILE_DIR)/Pods-TestSwift-checkManifestLockResult.txt",
			);
			runOnlyForDeploymentPostprocessing = 0;
			shellPath = /bin/sh;
			shellScript = "diff \"${PODS_PODFILE_DIR_PATH}/Podfile.lock\" \"${PODS_ROOT}/Manifest.lock\" > /dev/null\nif [ $? != 0 ] ; then\n    # print error to STDERR\n    echo \"error: The sandbox is not in sync with the Podfile.lock. Run 'pod install' or update your CocoaPods installation.\" >&2\n    exit 1\nfi\n# This output is used by Xcode 'outputs' to avoid re-running this script phase.\necho \"SUCCESS\" > \"${SCRIPT_OUTPUT_FILE_0}\"\n";
			showEnvVarsInLog = 0;
		};
		D2D5B89D9FC275C0B9DDF609 /* [CP] Embed Pods Frameworks */ = {
			isa = PBXShellScriptBuildPhase;
			buildActionMask = 2147483647;
			files = (
			);
			inputFileListPaths = (
				"${PODS_ROOT}/Target Support Files/Pods-TestSwift/Pods-TestSwift-frameworks-${CONFIGURATION}-input-files.xcfilelist",
			);
			name = "[CP] Embed Pods Frameworks";
			outputFileListPaths = (
				"${PODS_ROOT}/Target Support Files/Pods-TestSwift/Pods-TestSwift-frameworks-${CONFIGURATION}-output-files.xcfilelist",
			);
			runOnlyForDeploymentPostprocessing = 0;
			shellPath = /bin/sh;
			shellScript = "\"${PODS_ROOT}/Target Support Files/Pods-TestSwift/Pods-TestSwift-frameworks.sh\"\n";
			showEnvVarsInLog = 0;
		};
/* End PBXShellScriptBuildPhase section */

/* Begin PBXSourcesBuildPhase section */
		7452BBB525079FB900E3D6AD /* Sources */ = {
			isa = PBXSourcesBuildPhase;
			buildActionMask = 2147483647;
			files = (
				7452BBC125079FBA00E3D6AD /* ViewController.swift in Sources */,
				7452BBBD25079FBA00E3D6AD /* AppDelegate.swift in Sources */,
				7452BBD12507A39A00E3D6AD /* JZTPopViewController.swift in Sources */,
			);
			runOnlyForDeploymentPostprocessing = 0;
		};
/* End PBXSourcesBuildPhase section */

/* Begin PBXVariantGroup section */
		7452BBC225079FBA00E3D6AD /* Main.storyboard */ = {
			isa = PBXVariantGroup;
			children = (
				7452BBC325079FBA00E3D6AD /* Base */,
			);
			name = Main.storyboard;
			sourceTree = "<group>";
		};
		7452BBC725079FBA00E3D6AD /* LaunchScreen.storyboard */ = {
			isa = PBXVariantGroup;
			children = (
				7452BBC825079FBA00E3D6AD /* Base */,
			);
			name = LaunchScreen.storyboard;
			sourceTree = "<group>";
		};
/* End PBXVariantGroup section */

/* Begin XCBuildConfiguration section */
		7452BBCB25079FBA00E3D6AD /* Debug */ = {
			isa = XCBuildConfiguration;
			buildSettings = {
				ALWAYS_SEARCH_USER_PATHS = NO;
				CLANG_ANALYZER_NONNULL = YES;
				CLANG_ANALYZER_NUMBER_OBJECT_CONVERSION = YES_AGGRESSIVE;
				CLANG_CXX_LANGUAGE_STANDARD = "gnu++14";
				CLANG_CXX_LIBRARY = "libc++";
				CLANG_ENABLE_MODULES = YES;
				CLANG_ENABLE_OBJC_ARC = YES;
				CLANG_ENABLE_OBJC_WEAK = YES;
				CLANG_WARN_BLOCK_CAPTURE_AUTORELEASING = YES;
				CLANG_WARN_BOOL_CONVERSION = YES;
				CLANG_WARN_COMMA = YES;
				CLANG_WARN_CONSTANT_CONVERSION = YES;
				CLANG_WARN_DEPRECATED_OBJC_IMPLEMENTATIONS = YES;
				CLANG_WARN_DIRECT_OBJC_ISA_USAGE = YES_ERROR;
				CLANG_WARN_DOCUMENTATION_COMMENTS = YES;
				CLANG_WARN_EMPTY_BODY = YES;
				CLANG_WARN_ENUM_CONVERSION = YES;
				CLANG_WARN_INFINITE_RECURSION = YES;
				CLANG_WARN_INT_CONVERSION = YES;
				CLANG_WARN_NON_LITERAL_NULL_CONVERSION = YES;
				CLANG_WARN_OBJC_IMPLICIT_RETAIN_SELF = YES;
				CLANG_WARN_OBJC_LITERAL_CONVERSION = YES;
				CLANG_WARN_OBJC_ROOT_CLASS = YES_ERROR;
				CLANG_WARN_RANGE_LOOP_ANALYSIS = YES;
				CLANG_WARN_STRICT_PROTOTYPES = YES;
				CLANG_WARN_SUSPICIOUS_MOVE = YES;
				CLANG_WARN_UNGUARDED_AVAILABILITY = YES_AGGRESSIVE;
				CLANG_WARN_UNREACHABLE_CODE = YES;
				CLANG_WARN__DUPLICATE_METHOD_MATCH = YES;
				COPY_PHASE_STRIP = NO;
				DEBUG_INFORMATION_FORMAT = dwarf;
				ENABLE_STRICT_OBJC_MSGSEND = YES;
				ENABLE_TESTABILITY = YES;
				GCC_C_LANGUAGE_STANDARD = gnu11;
				GCC_DYNAMIC_NO_PIC = NO;
				GCC_NO_COMMON_BLOCKS = YES;
				GCC_OPTIMIZATION_LEVEL = 0;
				GCC_PREPROCESSOR_DEFINITIONS = (
					"DEBUG=1",
					"$(inherited)",
				);
				GCC_WARN_64_TO_32_BIT_CONVERSION = YES;
				GCC_WARN_ABOUT_RETURN_TYPE = YES_ERROR;
				GCC_WARN_UNDECLARED_SELECTOR = YES;
				GCC_WARN_UNINITIALIZED_AUTOS = YES_AGGRESSIVE;
				GCC_WARN_UNUSED_FUNCTION = YES;
				GCC_WARN_UNUSED_VARIABLE = YES;
				IPHONEOS_DEPLOYMENT_TARGET = 13.6;
				MTL_ENABLE_DEBUG_INFO = INCLUDE_SOURCE;
				MTL_FAST_MATH = YES;
				ONLY_ACTIVE_ARCH = YES;
				SDKROOT = iphoneos;
				SWIFT_ACTIVE_COMPILATION_CONDITIONS = DEBUG;
				SWIFT_OPTIMIZATION_LEVEL = "-Onone";
			};
			name = Debug;
		};
		7452BBCC25079FBA00E3D6AD /* Release */ = {
			isa = XCBuildConfiguration;
			buildSettings = {
				ALWAYS_SEARCH_USER_PATHS = NO;
				CLANG_ANALYZER_NONNULL = YES;
				CLANG_ANALYZER_NUMBER_OBJECT_CONVERSION = YES_AGGRESSIVE;
				CLANG_CXX_LANGUAGE_STANDARD = "gnu++14";
				CLANG_CXX_LIBRARY = "libc++";
				CLANG_ENABLE_MODULES = YES;
				CLANG_ENABLE_OBJC_ARC = YES;
				CLANG_ENABLE_OBJC_WEAK = YES;
				CLANG_WARN_BLOCK_CAPTURE_AUTORELEASING = YES;
				CLANG_WARN_BOOL_CONVERSION = YES;
				CLANG_WARN_COMMA = YES;
				CLANG_WARN_CONSTANT_CONVERSION = YES;
				CLANG_WARN_DEPRECATED_OBJC_IMPLEMENTATIONS = YES;
				CLANG_WARN_DIRECT_OBJC_ISA_USAGE = YES_ERROR;
				CLANG_WARN_DOCUMENTATION_COMMENTS = YES;
				CLANG_WARN_EMPTY_BODY = YES;
				CLANG_WARN_ENUM_CONVERSION = YES;
				CLANG_WARN_INFINITE_RECURSION = YES;
				CLANG_WARN_INT_CONVERSION = YES;
				CLANG_WARN_NON_LITERAL_NULL_CONVERSION = YES;
				CLANG_WARN_OBJC_IMPLICIT_RETAIN_SELF = YES;
				CLANG_WARN_OBJC_LITERAL_CONVERSION = YES;
				CLANG_WARN_OBJC_ROOT_CLASS = YES_ERROR;
				CLANG_WARN_RANGE_LOOP_ANALYSIS = YES;
				CLANG_WARN_STRICT_PROTOTYPES = YES;
				CLANG_WARN_SUSPICIOUS_MOVE = YES;
				CLANG_WARN_UNGUARDED_AVAILABILITY = YES_AGGRESSIVE;
				CLANG_WARN_UNREACHABLE_CODE = YES;
				CLANG_WARN__DUPLICATE_METHOD_MATCH = YES;
				COPY_PHASE_STRIP = NO;
				DEBUG_INFORMATION_FORMAT = "dwarf-with-dsym";
				ENABLE_NS_ASSERTIONS = NO;
				ENABLE_STRICT_OBJC_MSGSEND = YES;
				GCC_C_LANGUAGE_STANDARD = gnu11;
				GCC_NO_COMMON_BLOCKS = YES;
				GCC_WARN_64_TO_32_BIT_CONVERSION = YES;
				GCC_WARN_ABOUT_RETURN_TYPE = YES_ERROR;
				GCC_WARN_UNDECLARED_SELECTOR = YES;
				GCC_WARN_UNINITIALIZED_AUTOS = YES_AGGRESSIVE;
				GCC_WARN_UNUSED_FUNCTION = YES;
				GCC_WARN_UNUSED_VARIABLE = YES;
				IPHONEOS_DEPLOYMENT_TARGET = 13.6;
				MTL_ENABLE_DEBUG_INFO = NO;
				MTL_FAST_MATH = YES;
				SDKROOT = iphoneos;
				SWIFT_COMPILATION_MODE = wholemodule;
				SWIFT_OPTIMIZATION_LEVEL = "-O";
				VALIDATE_PRODUCT = YES;
			};
			name = Release;
		};
		7452BBCE25079FBA00E3D6AD /* Debug */ = {
			isa = XCBuildConfiguration;
			baseConfigurationReference = CD0C34AE24527BCF8EBD031C /* Pods-TestSwift.debug.xcconfig */;
			buildSettings = {
				ASSETCATALOG_COMPILER_APPICON_NAME = AppIcon;
				CODE_SIGN_STYLE = Automatic;
				DEVELOPMENT_TEAM = UV79DCFNSV;
				INFOPLIST_FILE = TestSwift/Info.plist;
				LD_RUNPATH_SEARCH_PATHS = (
					"$(inherited)",
					"@executable_path/Frameworks",
				);
				PRODUCT_BUNDLE_IDENTIFIER = jzt.swiftDemo.com.TestSwift;
				PRODUCT_NAME = "$(TARGET_NAME)";
				SWIFT_VERSION = 5.0;
				TARGETED_DEVICE_FAMILY = "1,2";
			};
			name = Debug;
		};
		7452BBCF25079FBA00E3D6AD /* Release */ = {
			isa = XCBuildConfiguration;
			baseConfigurationReference = 94643675909C7FB87415126C /* Pods-TestSwift.release.xcconfig */;
			buildSettings = {
				ASSETCATALOG_COMPILER_APPICON_NAME = AppIcon;
				CODE_SIGN_STYLE = Automatic;
				DEVELOPMENT_TEAM = UV79DCFNSV;
				INFOPLIST_FILE = TestSwift/Info.plist;
				LD_RUNPATH_SEARCH_PATHS = (
					"$(inherited)",
					"@executable_path/Frameworks",
				);
				PRODUCT_BUNDLE_IDENTIFIER = jzt.swiftDemo.com.TestSwift;
				PRODUCT_NAME = "$(TARGET_NAME)";
				SWIFT_VERSION = 5.0;
				TARGETED_DEVICE_FAMILY = "1,2";
			};
			name = Release;
		};
/* End XCBuildConfiguration section */

/* Begin XCConfigurationList section */
		7452BBB425079FB900E3D6AD /* Build configuration list for PBXProject "TestSwift" */ = {
			isa = XCConfigurationList;
			buildConfigurations = (
				7452BBCB25079FBA00E3D6AD /* Debug */,
				7452BBCC25079FBA00E3D6AD /* Release */,
			);
			defaultConfigurationIsVisible = 0;
			defaultConfigurationName = Release;
		};
		7452BBCD25079FBA00E3D6AD /* Build configuration list for PBXNativeTarget "TestSwift" */ = {
			isa = XCConfigurationList;
			buildConfigurations = (
				7452BBCE25079FBA00E3D6AD /* Debug */,
				7452BBCF25079FBA00E3D6AD /* Release */,
			);
			defaultConfigurationIsVisible = 0;
			defaultConfigurationName = Release;
		};
/* End XCConfigurationList section */
	};
	rootObject = 7452BBB125079FB900E3D6AD /* Project object */;
}
